
Microsoft Visual Studio Solution File, Format Version 12.00
# Visual Studio Version 16
VisualStudioVersion = 16.0.29709.97
MinimumVisualStudioVersion = 10.0.40219.1
Project("{8BC9CEB8-8B4A-11D0-8D11-00A0C91BC942}") = "Engine", "Engine\Engine.vcxproj", "{A041E90D-5228-4A2D-AD30-21D313952B03}"
EndProject
Global
	GlobalSection(SolutionConfigurationPlatforms) = preSolution
		Debug|x64 = Debug|x64
		Debug|x86 = Debug|x86
		Release|x64 = Release|x64
		Release|x86 = Release|x86
	EndGlobalSection
	GlobalSection(ProjectConfigurationPlatforms) = postSolution
		{A041E90D-5228-4A2D-AD30-21D313952B03}.Debug|x64.ActiveCfg = Debug|x64
		{A041E90D-5228-4A2D-AD30-21D313952B03}.Debug|x64.Build.0 = Debug|x64
		{A041E90D-5228-4A2D-AD30-21D313952B03}.Debug|x86.ActiveCfg = Debug|Win32
		{A041E90D-5228-4A2D-AD30-21D313952B03}.Debug|x86.Build.0 = Debug|Win32
		{A041E90D-5228-4A2D-AD30-21D313952B03}.Release|x64.ActiveCfg = Release|x64
		{A041E90D-5228-4A2D-AD30-21D313952B03}.Release|x64.Build.0 = Release|x64
		{A041E90D-5228-4A2D-AD30-21D313952B03}.Release|x86.ActiveCfg = Release|Win32
		{A041E90D-5228-4A2D-AD30-21D313952B03}.Release|x86.Build.0 = Release|Win32
	EndGlobalSection
	GlobalSection(SolutionProperties) = preSolution
		HideSolutionNode = FALSE
	EndGlobalSection
	GlobalSection(ExtensibilityGlobals) = postSolution
		SolutionGuid = {7C6032A8-5116-4137-B487-28B7158A6A34}
	EndGlobalSection
EndGlobal
